
Microsoft Visual Studio Solution File, Format Version 12.00
# Visual Studio Version 17
VisualStudioVersion = 17.3.32929.385
MinimumVisualStudioVersion = 10.0.40219.1
Project("{FAE04EC0-301F-11D3-BF4B-00C04F79EFBC}") = "BookingApp_Test", "BookingApp_Test\BookingApp_Test.csproj", "{039EB9CF-9062-41F1-8BC5-F0081777800C}"
EndProject
Global
	GlobalSection(SolutionConfigurationPlatforms) = preSolution
		Debug|Any CPU = Debug|Any CPU
		Release|Any CPU = Release|Any CPU
	EndGlobalSection
	GlobalSection(ProjectConfigurationPlatforms) = postSolution
		{039EB9CF-9062-41F1-8BC5-F0081777800C}.Debug|Any CPU.ActiveCfg = Debug|Any CPU
		{039EB9CF-9062-41F1-8BC5-F0081777800C}.Debug|Any CPU.Build.0 = Debug|Any CPU
		{039EB9CF-9062-41F1-8BC5-F0081777800C}.Release|Any CPU.ActiveCfg = Release|Any CPU
		{039EB9CF-9062-41F1-8BC5-F0081777800C}.Release|Any CPU.Build.0 = Release|Any CPU
	EndGlobalSection
	GlobalSection(SolutionProperties) = preSolution
		HideSolutionNode = FALSE
	EndGlobalSection
	GlobalSection(ExtensibilityGlobals) = postSolution
		SolutionGuid = {DEB598A6-A86A-4B2E-98AC-E93CD52D849A}
	EndGlobalSection
EndGlobal
